PODS:
  - Flutter (1.0.0)
  - ShuftiPro (1.1.4)
  - shuftipro_sdk (1.1.4):
    - Flutter
    - ShuftiPro

DEPENDENCIES:
  - Flutter (from `Flutter`)
  - ShuftiPro (from `https://github.com/shuftipro/iOS-binary-pod`, tag `1.1.4`)
  - shuftipro_sdk (from `.symlinks/plugins/shuftipro_sdk/ios`)

EXTERNAL SOURCES:
  Flutter:
    :path: Flutter
  ShuftiPro:
    :git: https://github.com/shuftipro/iOS-binary-pod
    :tag: 1.1.4
  shuftipro_sdk:
    :path: ".symlinks/plugins/shuftipro_sdk/ios"

CHECKOUT OPTIONS:
  ShuftiPro:
    :git: https://github.com/shuftipro/iOS-binary-pod
    :tag: 1.1.4

SPEC CHECKSUMS:
  Flutter: 50d75fe2f02b26cc09d224853bb45737f8b3214a
  ShuftiPro: 0f4dcf78aafdeb2d71d8831b40146be103af10f4
  shuftipro_sdk: 6f1eef3a64faf9a54fdeee7dbcdf55ad97164657

PODFILE CHECKSUM: dcfa6a6d6d51f779c8a63ad4fdf13f05399a55c6

COCOAPODS: 1.10.1
