PODS:
  - Flutter (1.0.0)
  - ShuftiPro (3.3.0)
  - shuftipro_sdk (2.0.4):
    - Flutter
    - ShuftiPro (~> 3.3.0)

DEPENDENCIES:
  - Flutter (from `Flutter`)
  - shuftipro_sdk (from `.symlinks/plugins/shuftipro_sdk/ios`)

SPEC REPOS:
  trunk:
    - ShuftiPro

EXTERNAL SOURCES:
  Flutter:
    :path: Flutter
  shuftipro_sdk:
    :path: ".symlinks/plugins/shuftipro_sdk/ios"

SPEC CHECKSUMS:
  Flutter: 50d75fe2f02b26cc09d224853bb45737f8b3214a
  ShuftiPro: c19da5bd55e1201dfb0a518ed8cb12be88eaba96
  shuftipro_sdk: 2155e51c311b85f7049c1a5a65a6a25b7d4117ad

PODFILE CHECKSUM: aafe91acc616949ddb318b77800a7f51bffa2a4c

COCOAPODS: 1.11.2
